
Microsoft Visual Studio Solution File, Format Version 12.00
# Visual Studio Version 16
VisualStudioVersion = 16.0.30503.244
MinimumVisualStudioVersion = 10.0.40219.1
Project("{FAE04EC0-301F-11D3-BF4B-00C04F79EFBC}") = "TacticalWolves-API", "TacticalWolves-API\TacticalWolves-API.csproj", "{1E46E02F-44EA-4A8C-8D64-78D2A6FB4280}"
EndProject
Global
	GlobalSection(SolutionConfigurationPlatforms) = preSolution
		Debug|Any CPU = Debug|Any CPU
		Release|Any CPU = Release|Any CPU
	EndGlobalSection
	GlobalSection(ProjectConfigurationPlatforms) = postSolution
		{1E46E02F-44EA-4A8C-8D64-78D2A6FB4280}.Debug|Any CPU.ActiveCfg = Debug|Any CPU
		{1E46E02F-44EA-4A8C-8D64-78D2A6FB4280}.Debug|Any CPU.Build.0 = Debug|Any CPU
		{1E46E02F-44EA-4A8C-8D64-78D2A6FB4280}.Release|Any CPU.ActiveCfg = Release|Any CPU
		{1E46E02F-44EA-4A8C-8D64-78D2A6FB4280}.Release|Any CPU.Build.0 = Release|Any CPU
	EndGlobalSection
	GlobalSection(SolutionProperties) = preSolution
		HideSolutionNode = FALSE
	EndGlobalSection
	GlobalSection(ExtensibilityGlobals) = postSolution
		SolutionGuid = {F254F37D-76A6-48A2-B353-FEC78804EC58}
	EndGlobalSection
EndGlobal
